
Microsoft Visual Studio Solution File, Format Version 12.00
# Visual Studio Version 17
VisualStudioVersion = 17.4.33205.214
MinimumVisualStudioVersion = 10.0.40219.1
Project("{FAE04EC0-301F-11D3-BF4B-00C04F79EFBC}") = "mesh-deformation", "mesh-deformation.csproj", "{F0B73282-1D1D-4AC3-B56B-ACA9C42A753D}"
EndProject
Global
	GlobalSection(SolutionConfigurationPlatforms) = preSolution
		Debug|Any CPU = Debug|Any CPU
		Release|Any CPU = Release|Any CPU
	EndGlobalSection
	GlobalSection(ProjectConfigurationPlatforms) = postSolution
		{F0B73282-1D1D-4AC3-B56B-ACA9C42A753D}.Debug|Any CPU.ActiveCfg = Debug|Any CPU
		{F0B73282-1D1D-4AC3-B56B-ACA9C42A753D}.Debug|Any CPU.Build.0 = Debug|Any CPU
		{F0B73282-1D1D-4AC3-B56B-ACA9C42A753D}.Release|Any CPU.ActiveCfg = Release|Any CPU
		{F0B73282-1D1D-4AC3-B56B-ACA9C42A753D}.Release|Any CPU.Build.0 = Release|Any CPU
	EndGlobalSection
	GlobalSection(SolutionProperties) = preSolution
		HideSolutionNode = FALSE
	EndGlobalSection
	GlobalSection(ExtensibilityGlobals) = postSolution
		SolutionGuid = {A33FF5CE-C5BD-4433-A038-6537C3C5117F}
	EndGlobalSection
EndGlobal
